
Microsoft Visual Studio Solution File, Format Version 12.00
# Visual Studio Version 16
VisualStudioVersion = 16.0.29519.87
MinimumVisualStudioVersion = 10.0.40219.1
Project("{6EC3EE1D-3C4E-46DD-8F32-0CC8E7565705}") = "Micro.Core", "Micro.Core\Micro.Core.fsproj", "{E3F18515-388E-450B-96C7-DDDA453FE588}"
EndProject
Project("{6EC3EE1D-3C4E-46DD-8F32-0CC8E7565705}") = "Micro.Core.Tests", "Micro.Core.Tests\Micro.Core.Tests.fsproj", "{8550D599-58B8-4D0D-A829-3A5B1A803E4B}"
EndProject
Project("{F2A71F9B-5D33-465A-A702-920D77279786}") = "BasicSamples.Domain", "Samples\BasicSamples.Domain\BasicSamples.Domain.fsproj", "{14F01002-90E3-4FD4-A367-7A9DA8DB16F3}"
EndProject
Global
	GlobalSection(SolutionConfigurationPlatforms) = preSolution
		Debug|Any CPU = Debug|Any CPU
		Release|Any CPU = Release|Any CPU
	EndGlobalSection
	GlobalSection(ProjectConfigurationPlatforms) = postSolution
		{E3F18515-388E-450B-96C7-DDDA453FE588}.Debug|Any CPU.ActiveCfg = Debug|Any CPU
		{E3F18515-388E-450B-96C7-DDDA453FE588}.Debug|Any CPU.Build.0 = Debug|Any CPU
		{E3F18515-388E-450B-96C7-DDDA453FE588}.Release|Any CPU.ActiveCfg = Release|Any CPU
		{E3F18515-388E-450B-96C7-DDDA453FE588}.Release|Any CPU.Build.0 = Release|Any CPU
		{8550D599-58B8-4D0D-A829-3A5B1A803E4B}.Debug|Any CPU.ActiveCfg = Debug|Any CPU
		{8550D599-58B8-4D0D-A829-3A5B1A803E4B}.Debug|Any CPU.Build.0 = Debug|Any CPU
		{8550D599-58B8-4D0D-A829-3A5B1A803E4B}.Release|Any CPU.ActiveCfg = Release|Any CPU
		{8550D599-58B8-4D0D-A829-3A5B1A803E4B}.Release|Any CPU.Build.0 = Release|Any CPU
		{14F01002-90E3-4FD4-A367-7A9DA8DB16F3}.Debug|Any CPU.ActiveCfg = Debug|Any CPU
		{14F01002-90E3-4FD4-A367-7A9DA8DB16F3}.Debug|Any CPU.Build.0 = Debug|Any CPU
		{14F01002-90E3-4FD4-A367-7A9DA8DB16F3}.Release|Any CPU.ActiveCfg = Release|Any CPU
		{14F01002-90E3-4FD4-A367-7A9DA8DB16F3}.Release|Any CPU.Build.0 = Release|Any CPU
	EndGlobalSection
	GlobalSection(SolutionProperties) = preSolution
		HideSolutionNode = FALSE
	EndGlobalSection
	GlobalSection(ExtensibilityGlobals) = postSolution
		SolutionGuid = {D048F75E-F96B-4922-8525-BBCFB7AE06AF}
	EndGlobalSection
EndGlobal
